
Microsoft Visual Studio Solution File, Format Version 12.00
# Visual Studio Version 16
VisualStudioVersion = 16.0.31515.178
MinimumVisualStudioVersion = 10.0.40219.1
Project("{9A19103F-16F7-4668-BE54-9A1E7A4F7556}") = "ShadowTracker", "ShadowTracker.csproj", "{6A829082-7B66-4365-9421-AF557834E255}"
EndProject
Global
	GlobalSection(SolutionConfigurationPlatforms) = preSolution
		Debug|Any CPU = Debug|Any CPU
		Release|Any CPU = Release|Any CPU
	EndGlobalSection
	GlobalSection(ProjectConfigurationPlatforms) = postSolution
		{6A829082-7B66-4365-9421-AF557834E255}.Debug|Any CPU.ActiveCfg = Debug|Any CPU
		{6A829082-7B66-4365-9421-AF557834E255}.Debug|Any CPU.Build.0 = Debug|Any CPU
		{6A829082-7B66-4365-9421-AF557834E255}.Release|Any CPU.ActiveCfg = Release|Any CPU
		{6A829082-7B66-4365-9421-AF557834E255}.Release|Any CPU.Build.0 = Release|Any CPU
	EndGlobalSection
	GlobalSection(SolutionProperties) = preSolution
		HideSolutionNode = FALSE
	EndGlobalSection
	GlobalSection(ExtensibilityGlobals) = postSolution
		SolutionGuid = {8788B9B7-4F20-43D3-A730-CEF1E2EA1CA9}
	EndGlobalSection
EndGlobal
